
Microsoft Visual Studio Solution File, Format Version 12.00
Project("{2150E333-8FDC-42A3-9474-1A3956D46DE8}") = "src", "src", "{827E0CD3-B72D-47B6-A68D-7590B98EB39B}"
EndProject
Project("{2150E333-8FDC-42A3-9474-1A3956D46DE8}") = "Contracts", "Contracts", "{FFBE31B8-50B9-B415-22BC-2F92C97CADA3}"
EndProject
Project("{FAE04EC0-301F-11D3-BF4B-00C04F79EFBC}") = "DID.Contracts", "src\Contracts\DID.Contracts\DID.Contracts.csproj", "{1DCFBE77-EA54-41C6-963B-4EED7E99A390}"
EndProject
Project("{2150E333-8FDC-42A3-9474-1A3956D46DE8}") = "Services", "Services", "{984BB9B3-3FA3-BE33-9484-CAC21695A33C}"
EndProject
Project("{FAE04EC0-301F-11D3-BF4B-00C04F79EFBC}") = "DID.BlockchainSync", "src\Services\DID.BlockchainSync\DID.BlockchainSync.csproj", "{B3FB73D2-694E-44EC-ADDF-FCC72D9AEDBC}"
EndProject
Project("{FAE04EC0-301F-11D3-BF4B-00C04F79EFBC}") = "DID.Identity", "src\Services\DID.Identity\DID.Identity.csproj", "{71D82F7E-ECA9-49F1-A193-3FCB30EEB854}"
EndProject
Project("{FAE04EC0-301F-11D3-BF4B-00C04F79EFBC}") = "DID.Accreditation", "src\Services\DID.Accreditation\DID.Accreditation.csproj", "{7BE9976C-3533-43BB-86FC-0A7DF8C330CA}"
EndProject
Project("{FAE04EC0-301F-11D3-BF4B-00C04F79EFBC}") = "DID.Credential", "src\Services\DID.Credential\DID.Credential.csproj", "{82CAE865-D50C-4D70-B16E-324E52447250}"
EndProject
Project("{FAE04EC0-301F-11D3-BF4B-00C04F79EFBC}") = "DID.Presentation", "src\Services\DID.Presentation\DID.Presentation.csproj", "{E4714E4E-1353-45BD-9886-CCCF21B4CDDC}"
EndProject
Project("{FAE04EC0-301F-11D3-BF4B-00C04F79EFBC}") = "DID.Notification", "src\Services\DID.Notification\DID.Notification.csproj", "{D48BAC96-943D-4AAE-89C2-4140F3B77D5A}"
EndProject
Project("{FAE04EC0-301F-11D3-BF4B-00C04F79EFBC}") = "DID.Audit", "src\Services\DID.Audit\DID.Audit.csproj", "{EA2DA60F-89BD-480D-A85F-FB1BD55AF631}"
EndProject
Project("{2150E333-8FDC-42A3-9474-1A3956D46DE8}") = "Shared", "Shared", "{C8E42992-5E42-0C2B-DBFE-AA848D06431C}"
EndProject
Project("{FAE04EC0-301F-11D3-BF4B-00C04F79EFBC}") = "DID.Shared.Domain", "src\Shared\DID.Shared.Domain\DID.Shared.Domain.csproj", "{505DF11E-70A2-4CDF-A02F-496EB84F2829}"
EndProject
Project("{FAE04EC0-301F-11D3-BF4B-00C04F79EFBC}") = "DID.Shared.Application", "src\Shared\DID.Shared.Application\DID.Shared.Application.csproj", "{E50D8260-895E-4516-B16E-B83232BA22C0}"
EndProject
Project("{FAE04EC0-301F-11D3-BF4B-00C04F79EFBC}") = "DID.Shared.Infrastructure", "src\Shared\DID.Shared.Infrastructure\DID.Shared.Infrastructure.csproj", "{B246E8E4-F21C-4B79-B249-749A4B1CB1DA}"
EndProject
Global
	GlobalSection(SolutionConfigurationPlatforms) = preSolution
		Debug|Any CPU = Debug|Any CPU
		Debug|x64 = Debug|x64
		Debug|x86 = Debug|x86
		Release|Any CPU = Release|Any CPU
		Release|x64 = Release|x64
		Release|x86 = Release|x86
	EndGlobalSection
	GlobalSection(ProjectConfigurationPlatforms) = postSolution
		{1DCFBE77-EA54-41C6-963B-4EED7E99A390}.Debug|Any CPU.ActiveCfg = Debug|Any CPU
		{1DCFBE77-EA54-41C6-963B-4EED7E99A390}.Debug|Any CPU.Build.0 = Debug|Any CPU
		{1DCFBE77-EA54-41C6-963B-4EED7E99A390}.Debug|x64.ActiveCfg = Debug|Any CPU
		{1DCFBE77-EA54-41C6-963B-4EED7E99A390}.Debug|x64.Build.0 = Debug|Any CPU
		{1DCFBE77-EA54-41C6-963B-4EED7E99A390}.Debug|x86.ActiveCfg = Debug|Any CPU
		{1DCFBE77-EA54-41C6-963B-4EED7E99A390}.Debug|x86.Build.0 = Debug|Any CPU
		{1DCFBE77-EA54-41C6-963B-4EED7E99A390}.Release|Any CPU.ActiveCfg = Release|Any CPU
		{1DCFBE77-EA54-41C6-963B-4EED7E99A390}.Release|Any CPU.Build.0 = Release|Any CPU
		{1DCFBE77-EA54-41C6-963B-4EED7E99A390}.Release|x64.ActiveCfg = Release|Any CPU
		{1DCFBE77-EA54-41C6-963B-4EED7E99A390}.Release|x64.Build.0 = Release|Any CPU
		{1DCFBE77-EA54-41C6-963B-4EED7E99A390}.Release|x86.ActiveCfg = Release|Any CPU
		{1DCFBE77-EA54-41C6-963B-4EED7E99A390}.Release|x86.Build.0 = Release|Any CPU
		{B3FB73D2-694E-44EC-ADDF-FCC72D9AEDBC}.Debug|Any CPU.ActiveCfg = Debug|Any CPU
		{B3FB73D2-694E-44EC-ADDF-FCC72D9AEDBC}.Debug|Any CPU.Build.0 = Debug|Any CPU
		{B3FB73D2-694E-44EC-ADDF-FCC72D9AEDBC}.Debug|x64.ActiveCfg = Debug|Any CPU
		{B3FB73D2-694E-44EC-ADDF-FCC72D9AEDBC}.Debug|x64.Build.0 = Debug|Any CPU
		{B3FB73D2-694E-44EC-ADDF-FCC72D9AEDBC}.Debug|x86.ActiveCfg = Debug|Any CPU
		{B3FB73D2-694E-44EC-ADDF-FCC72D9AEDBC}.Debug|x86.Build.0 = Debug|Any CPU
		{B3FB73D2-694E-44EC-ADDF-FCC72D9AEDBC}.Release|Any CPU.ActiveCfg = Release|Any CPU
		{B3FB73D2-694E-44EC-ADDF-FCC72D9AEDBC}.Release|Any CPU.Build.0 = Release|Any CPU
		{B3FB73D2-694E-44EC-ADDF-FCC72D9AEDBC}.Release|x64.ActiveCfg = Release|Any CPU
		{B3FB73D2-694E-44EC-ADDF-FCC72D9AEDBC}.Release|x64.Build.0 = Release|Any CPU
		{B3FB73D2-694E-44EC-ADDF-FCC72D9AEDBC}.Release|x86.ActiveCfg = Release|Any CPU
		{B3FB73D2-694E-44EC-ADDF-FCC72D9AEDBC}.Release|x86.Build.0 = Release|Any CPU
		{71D82F7E-ECA9-49F1-A193-3FCB30EEB854}.Debug|Any CPU.ActiveCfg = Debug|Any CPU
		{71D82F7E-ECA9-49F1-A193-3FCB30EEB854}.Debug|Any CPU.Build.0 = Debug|Any CPU
		{71D82F7E-ECA9-49F1-A193-3FCB30EEB854}.Debug|x64.ActiveCfg = Debug|Any CPU
		{71D82F7E-ECA9-49F1-A193-3FCB30EEB854}.Debug|x64.Build.0 = Debug|Any CPU
		{71D82F7E-ECA9-49F1-A193-3FCB30EEB854}.Debug|x86.ActiveCfg = Debug|Any CPU
		{71D82F7E-ECA9-49F1-A193-3FCB30EEB854}.Debug|x86.Build.0 = Debug|Any CPU
		{71D82F7E-ECA9-49F1-A193-3FCB30EEB854}.Release|Any CPU.ActiveCfg = Release|Any CPU
		{71D82F7E-ECA9-49F1-A193-3FCB30EEB854}.Release|Any CPU.Build.0 = Release|Any CPU
		{71D82F7E-ECA9-49F1-A193-3FCB30EEB854}.Release|x64.ActiveCfg = Release|Any CPU
		{71D82F7E-ECA9-49F1-A193-3FCB30EEB854}.Release|x64.Build.0 = Release|Any CPU
		{71D82F7E-ECA9-49F1-A193-3FCB30EEB854}.Release|x86.ActiveCfg = Release|Any CPU
		{71D82F7E-ECA9-49F1-A193-3FCB30EEB854}.Release|x86.Build.0 = Release|Any CPU
		{7BE9976C-3533-43BB-86FC-0A7DF8C330CA}.Debug|Any CPU.ActiveCfg = Debug|Any CPU
		{7BE9976C-3533-43BB-86FC-0A7DF8C330CA}.Debug|Any CPU.Build.0 = Debug|Any CPU
		{7BE9976C-3533-43BB-86FC-0A7DF8C330CA}.Debug|x64.ActiveCfg = Debug|Any CPU
		{7BE9976C-3533-43BB-86FC-0A7DF8C330CA}.Debug|x64.Build.0 = Debug|Any CPU
		{7BE9976C-3533-43BB-86FC-0A7DF8C330CA}.Debug|x86.ActiveCfg = Debug|Any CPU
		{7BE9976C-3533-43BB-86FC-0A7DF8C330CA}.Debug|x86.Build.0 = Debug|Any CPU
		{7BE9976C-3533-43BB-86FC-0A7DF8C330CA}.Release|Any CPU.ActiveCfg = Release|Any CPU
		{7BE9976C-3533-43BB-86FC-0A7DF8C330CA}.Release|Any CPU.Build.0 = Release|Any CPU
		{7BE9976C-3533-43BB-86FC-0A7DF8C330CA}.Release|x64.ActiveCfg = Release|Any CPU
		{7BE9976C-3533-43BB-86FC-0A7DF8C330CA}.Release|x64.Build.0 = Release|Any CPU
		{7BE9976C-3533-43BB-86FC-0A7DF8C330CA}.Release|x86.ActiveCfg = Release|Any CPU
		{7BE9976C-3533-43BB-86FC-0A7DF8C330CA}.Release|x86.Build.0 = Release|Any CPU
		{82CAE865-D50C-4D70-B16E-324E52447250}.Debug|Any CPU.ActiveCfg = Debug|Any CPU
		{82CAE865-D50C-4D70-B16E-324E52447250}.Debug|Any CPU.Build.0 = Debug|Any CPU
		{82CAE865-D50C-4D70-B16E-324E52447250}.Debug|x64.ActiveCfg = Debug|Any CPU
		{82CAE865-D50C-4D70-B16E-324E52447250}.Debug|x64.Build.0 = Debug|Any CPU
		{82CAE865-D50C-4D70-B16E-324E52447250}.Debug|x86.ActiveCfg = Debug|Any CPU
		{82CAE865-D50C-4D70-B16E-324E52447250}.Debug|x86.Build.0 = Debug|Any CPU
		{82CAE865-D50C-4D70-B16E-324E52447250}.Release|Any CPU.ActiveCfg = Release|Any CPU
		{82CAE865-D50C-4D70-B16E-324E52447250}.Release|Any CPU.Build.0 = Release|Any CPU
		{82CAE865-D50C-4D70-B16E-324E52447250}.Release|x64.ActiveCfg = Release|Any CPU
		{82CAE865-D50C-4D70-B16E-324E52447250}.Release|x64.Build.0 = Release|Any CPU
		{82CAE865-D50C-4D70-B16E-324E52447250}.Release|x86.ActiveCfg = Release|Any CPU
		{82CAE865-D50C-4D70-B16E-324E52447250}.Release|x86.Build.0 = Release|Any CPU
		{E4714E4E-1353-45BD-9886-CCCF21B4CDDC}.Debug|Any CPU.ActiveCfg = Debug|Any CPU
		{E4714E4E-1353-45BD-9886-CCCF21B4CDDC}.Debug|Any CPU.Build.0 = Debug|Any CPU
		{E4714E4E-1353-45BD-9886-CCCF21B4CDDC}.Debug|x64.ActiveCfg = Debug|Any CPU
		{E4714E4E-1353-45BD-9886-CCCF21B4CDDC}.Debug|x64.Build.0 = Debug|Any CPU
		{E4714E4E-1353-45BD-9886-CCCF21B4CDDC}.Debug|x86.ActiveCfg = Debug|Any CPU
		{E4714E4E-1353-45BD-9886-CCCF21B4CDDC}.Debug|x86.Build.0 = Debug|Any CPU
		{E4714E4E-1353-45BD-9886-CCCF21B4CDDC}.Release|Any CPU.ActiveCfg = Release|Any CPU
		{E4714E4E-1353-45BD-9886-CCCF21B4CDDC}.Release|Any CPU.Build.0 = Release|Any CPU
		{E4714E4E-1353-45BD-9886-CCCF21B4CDDC}.Release|x64.ActiveCfg = Release|Any CPU
		{E4714E4E-1353-45BD-9886-CCCF21B4CDDC}.Release|x64.Build.0 = Release|Any CPU
		{E4714E4E-1353-45BD-9886-CCCF21B4CDDC}.Release|x86.ActiveCfg = Release|Any CPU
		{E4714E4E-1353-45BD-9886-CCCF21B4CDDC}.Release|x86.Build.0 = Release|Any CPU
		{D48BAC96-943D-4AAE-89C2-4140F3B77D5A}.Debug|Any CPU.ActiveCfg = Debug|Any CPU
		{D48BAC96-943D-4AAE-89C2-4140F3B77D5A}.Debug|Any CPU.Build.0 = Debug|Any CPU
		{D48BAC96-943D-4AAE-89C2-4140F3B77D5A}.Debug|x64.ActiveCfg = Debug|Any CPU
		{D48BAC96-943D-4AAE-89C2-4140F3B77D5A}.Debug|x64.Build.0 = Debug|Any CPU
		{D48BAC96-943D-4AAE-89C2-4140F3B77D5A}.Debug|x86.ActiveCfg = Debug|Any CPU
		{D48BAC96-943D-4AAE-89C2-4140F3B77D5A}.Debug|x86.Build.0 = Debug|Any CPU
		{D48BAC96-943D-4AAE-89C2-4140F3B77D5A}.Release|Any CPU.ActiveCfg = Release|Any CPU
		{D48BAC96-943D-4AAE-89C2-4140F3B77D5A}.Release|Any CPU.Build.0 = Release|Any CPU
		{D48BAC96-943D-4AAE-89C2-4140F3B77D5A}.Release|x64.ActiveCfg = Release|Any CPU
		{D48BAC96-943D-4AAE-89C2-4140F3B77D5A}.Release|x64.Build.0 = Release|Any CPU
		{D48BAC96-943D-4AAE-89C2-4140F3B77D5A}.Release|x86.ActiveCfg = Release|Any CPU
		{D48BAC96-943D-4AAE-89C2-4140F3B77D5A}.Release|x86.Build.0 = Release|Any CPU
		{EA2DA60F-89BD-480D-A85F-FB1BD55AF631}.Debug|Any CPU.ActiveCfg = Debug|Any CPU
		{EA2DA60F-89BD-480D-A85F-FB1BD55AF631}.Debug|Any CPU.Build.0 = Debug|Any CPU
		{EA2DA60F-89BD-480D-A85F-FB1BD55AF631}.Debug|x64.ActiveCfg = Debug|Any CPU
		{EA2DA60F-89BD-480D-A85F-FB1BD55AF631}.Debug|x64.Build.0 = Debug|Any CPU
		{EA2DA60F-89BD-480D-A85F-FB1BD55AF631}.Debug|x86.ActiveCfg = Debug|Any CPU
		{EA2DA60F-89BD-480D-A85F-FB1BD55AF631}.Debug|x86.Build.0 = Debug|Any CPU
		{EA2DA60F-89BD-480D-A85F-FB1BD55AF631}.Release|Any CPU.ActiveCfg = Release|Any CPU
		{EA2DA60F-89BD-480D-A85F-FB1BD55AF631}.Release|Any CPU.Build.0 = Release|Any CPU
		{EA2DA60F-89BD-480D-A85F-FB1BD55AF631}.Release|x64.ActiveCfg = Release|Any CPU
		{EA2DA60F-89BD-480D-A85F-FB1BD55AF631}.Release|x64.Build.0 = Release|Any CPU
		{EA2DA60F-89BD-480D-A85F-FB1BD55AF631}.Release|x86.ActiveCfg = Release|Any CPU
		{EA2DA60F-89BD-480D-A85F-FB1BD55AF631}.Release|x86.Build.0 = Release|Any CPU
		{505DF11E-70A2-4CDF-A02F-496EB84F2829}.Debug|Any CPU.ActiveCfg = Debug|Any CPU
		{505DF11E-70A2-4CDF-A02F-496EB84F2829}.Debug|Any CPU.Build.0 = Debug|Any CPU
		{505DF11E-70A2-4CDF-A02F-496EB84F2829}.Debug|x64.ActiveCfg = Debug|Any CPU
		{505DF11E-70A2-4CDF-A02F-496EB84F2829}.Debug|x64.Build.0 = Debug|Any CPU
		{505DF11E-70A2-4CDF-A02F-496EB84F2829}.Debug|x86.ActiveCfg = Debug|Any CPU
		{505DF11E-70A2-4CDF-A02F-496EB84F2829}.Debug|x86.Build.0 = Debug|Any CPU
		{505DF11E-70A2-4CDF-A02F-496EB84F2829}.Release|Any CPU.ActiveCfg = Release|Any CPU
		{505DF11E-70A2-4CDF-A02F-496EB84F2829}.Release|Any CPU.Build.0 = Release|Any CPU
		{505DF11E-70A2-4CDF-A02F-496EB84F2829}.Release|x64.ActiveCfg = Release|Any CPU
		{505DF11E-70A2-4CDF-A02F-496EB84F2829}.Release|x64.Build.0 = Release|Any CPU
		{505DF11E-70A2-4CDF-A02F-496EB84F2829}.Release|x86.ActiveCfg = Release|Any CPU
		{505DF11E-70A2-4CDF-A02F-496EB84F2829}.Release|x86.Build.0 = Release|Any CPU
		{E50D8260-895E-4516-B16E-B83232BA22C0}.Debug|Any CPU.ActiveCfg = Debug|Any CPU
		{E50D8260-895E-4516-B16E-B83232BA22C0}.Debug|Any CPU.Build.0 = Debug|Any CPU
		{E50D8260-895E-4516-B16E-B83232BA22C0}.Debug|x64.ActiveCfg = Debug|Any CPU
		{E50D8260-895E-4516-B16E-B83232BA22C0}.Debug|x64.Build.0 = Debug|Any CPU
		{E50D8260-895E-4516-B16E-B83232BA22C0}.Debug|x86.ActiveCfg = Debug|Any CPU
		{E50D8260-895E-4516-B16E-B83232BA22C0}.Debug|x86.Build.0 = Debug|Any CPU
		{E50D8260-895E-4516-B16E-B83232BA22C0}.Release|Any CPU.ActiveCfg = Release|Any CPU
		{E50D8260-895E-4516-B16E-B83232BA22C0}.Release|Any CPU.Build.0 = Release|Any CPU
		{E50D8260-895E-4516-B16E-B83232BA22C0}.Release|x64.ActiveCfg = Release|Any CPU
		{E50D8260-895E-4516-B16E-B83232BA22C0}.Release|x64.Build.0 = Release|Any CPU
		{E50D8260-895E-4516-B16E-B83232BA22C0}.Release|x86.ActiveCfg = Release|Any CPU
		{E50D8260-895E-4516-B16E-B83232BA22C0}.Release|x86.Build.0 = Release|Any CPU
		{B246E8E4-F21C-4B79-B249-749A4B1CB1DA}.Debug|Any CPU.ActiveCfg = Debug|Any CPU
		{B246E8E4-F21C-4B79-B249-749A4B1CB1DA}.Debug|Any CPU.Build.0 = Debug|Any CPU
		{B246E8E4-F21C-4B79-B249-749A4B1CB1DA}.Debug|x64.ActiveCfg = Debug|Any CPU
		{B246E8E4-F21C-4B79-B249-749A4B1CB1DA}.Debug|x64.Build.0 = Debug|Any CPU
		{B246E8E4-F21C-4B79-B249-749A4B1CB1DA}.Debug|x86.ActiveCfg = Debug|Any CPU
		{B246E8E4-F21C-4B79-B249-749A4B1CB1DA}.Debug|x86.Build.0 = Debug|Any CPU
		{B246E8E4-F21C-4B79-B249-749A4B1CB1DA}.Release|Any CPU.ActiveCfg = Release|Any CPU
		{B246E8E4-F21C-4B79-B249-749A4B1CB1DA}.Release|Any CPU.Build.0 = Release|Any CPU
		{B246E8E4-F21C-4B79-B249-749A4B1CB1DA}.Release|x64.ActiveCfg = Release|Any CPU
		{B246E8E4-F21C-4B79-B249-749A4B1CB1DA}.Release|x64.Build.0 = Release|Any CPU
		{B246E8E4-F21C-4B79-B249-749A4B1CB1DA}.Release|x86.ActiveCfg = Release|Any CPU
		{B246E8E4-F21C-4B79-B249-749A4B1CB1DA}.Release|x86.Build.0 = Release|Any CPU
	EndGlobalSection
	GlobalSection(SolutionProperties) = preSolution
		HideSolutionNode = FALSE
	EndGlobalSection
	GlobalSection(NestedProjects) = preSolution
		{FFBE31B8-50B9-B415-22BC-2F92C97CADA3} = {827E0CD3-B72D-47B6-A68D-7590B98EB39B}
		{1DCFBE77-EA54-41C6-963B-4EED7E99A390} = {FFBE31B8-50B9-B415-22BC-2F92C97CADA3}
		{984BB9B3-3FA3-BE33-9484-CAC21695A33C} = {827E0CD3-B72D-47B6-A68D-7590B98EB39B}
		{B3FB73D2-694E-44EC-ADDF-FCC72D9AEDBC} = {984BB9B3-3FA3-BE33-9484-CAC21695A33C}
		{71D82F7E-ECA9-49F1-A193-3FCB30EEB854} = {984BB9B3-3FA3-BE33-9484-CAC21695A33C}
		{7BE9976C-3533-43BB-86FC-0A7DF8C330CA} = {984BB9B3-3FA3-BE33-9484-CAC21695A33C}
		{82CAE865-D50C-4D70-B16E-324E52447250} = {984BB9B3-3FA3-BE33-9484-CAC21695A33C}
		{E4714E4E-1353-45BD-9886-CCCF21B4CDDC} = {984BB9B3-3FA3-BE33-9484-CAC21695A33C}
		{D48BAC96-943D-4AAE-89C2-4140F3B77D5A} = {984BB9B3-3FA3-BE33-9484-CAC21695A33C}
		{EA2DA60F-89BD-480D-A85F-FB1BD55AF631} = {984BB9B3-3FA3-BE33-9484-CAC21695A33C}
		{C8E42992-5E42-0C2B-DBFE-AA848D06431C} = {827E0CD3-B72D-47B6-A68D-7590B98EB39B}
		{505DF11E-70A2-4CDF-A02F-496EB84F2829} = {C8E42992-5E42-0C2B-DBFE-AA848D06431C}
		{E50D8260-895E-4516-B16E-B83232BA22C0} = {C8E42992-5E42-0C2B-DBFE-AA848D06431C}
		{B246E8E4-F21C-4B79-B249-749A4B1CB1DA} = {C8E42992-5E42-0C2B-DBFE-AA848D06431C}
	EndGlobalSection
EndGlobal
